
Microsoft Visual Studio Solution File, Format Version 12.00
# Visual Studio Version 17
VisualStudioVersion = 17.5.33627.172
MinimumVisualStudioVersion = 10.0.40219.1
Project("{FAE04EC0-301F-11D3-BF4B-00C04F79EFBC}") = "QRHostPopper", "QRHostPopper\QRHostPopper.csproj", "{BE33B868-1751-445D-BF58-387AD1919DF8}"
EndProject
Global
	GlobalSection(SolutionConfigurationPlatforms) = preSolution
		Debug|Any CPU = Debug|Any CPU
		Release|Any CPU = Release|Any CPU
	EndGlobalSection
	GlobalSection(ProjectConfigurationPlatforms) = postSolution
		{BE33B868-1751-445D-BF58-387AD1919DF8}.Debug|Any CPU.ActiveCfg = Debug|Any CPU
		{BE33B868-1751-445D-BF58-387AD1919DF8}.Debug|Any CPU.Build.0 = Debug|Any CPU
		{BE33B868-1751-445D-BF58-387AD1919DF8}.Release|Any CPU.ActiveCfg = Release|Any CPU
		{BE33B868-1751-445D-BF58-387AD1919DF8}.Release|Any CPU.Build.0 = Release|Any CPU
	EndGlobalSection
	GlobalSection(SolutionProperties) = preSolution
		HideSolutionNode = FALSE
	EndGlobalSection
	GlobalSection(ExtensibilityGlobals) = postSolution
		SolutionGuid = {CAD8A7B7-33D4-44C2-BCEA-C932036BB1F3}
	EndGlobalSection
EndGlobal
